
Microsoft Visual Studio Solution File, Format Version 12.00
# Visual Studio Version 17
VisualStudioVersion = 17.14.36915.13 d17.14
MinimumVisualStudioVersion = 10.0.40219.1
Project("{FAE04EC0-301F-11D3-BF4B-00C04F79EFBC}") = "AI_Chatbott", "AI_Chatbott.csproj", "{11663C11-7224-4A42-AA8C-0266DC662DE4}"
EndProject
Global
	GlobalSection(SolutionConfigurationPlatforms) = preSolution
		Debug|Any CPU = Debug|Any CPU
		Release|Any CPU = Release|Any CPU
	EndGlobalSection
	GlobalSection(ProjectConfigurationPlatforms) = postSolution
		{11663C11-7224-4A42-AA8C-0266DC662DE4}.Debug|Any CPU.ActiveCfg = Debug|Any CPU
		{11663C11-7224-4A42-AA8C-0266DC662DE4}.Debug|Any CPU.Build.0 = Debug|Any CPU
		{11663C11-7224-4A42-AA8C-0266DC662DE4}.Release|Any CPU.ActiveCfg = Release|Any CPU
		{11663C11-7224-4A42-AA8C-0266DC662DE4}.Release|Any CPU.Build.0 = Release|Any CPU
	EndGlobalSection
	GlobalSection(SolutionProperties) = preSolution
		HideSolutionNode = FALSE
	EndGlobalSection
	GlobalSection(ExtensibilityGlobals) = postSolution
		SolutionGuid = {36F06B75-8818-4003-A6A4-8F075D28A2A6}
	EndGlobalSection
EndGlobal
